
Microsoft Visual Studio Solution File, Format Version 12.00
# Visual Studio Version 17
VisualStudioVersion = 17.0.31903.59
MinimumVisualStudioVersion = 10.0.40219.1
Project("{FAE04EC0-301F-11D3-BF4B-00C04F79EFBC}") = "Api", "Api\Api.csproj", "{7FA1A274-1C21-4810-9073-63441B8AFA7B}"
EndProject
Global
	GlobalSection(SolutionConfigurationPlatforms) = preSolution
		Debug|Any CPU = Debug|Any CPU
		Release|Any CPU = Release|Any CPU
	EndGlobalSection
	GlobalSection(ProjectConfigurationPlatforms) = postSolution
		{7FA1A274-1C21-4810-9073-63441B8AFA7B}.Debug|Any CPU.ActiveCfg = Debug|Any CPU
		{7FA1A274-1C21-4810-9073-63441B8AFA7B}.Debug|Any CPU.Build.0 = Debug|Any CPU
		{7FA1A274-1C21-4810-9073-63441B8AFA7B}.Release|Any CPU.ActiveCfg = Release|Any CPU
		{7FA1A274-1C21-4810-9073-63441B8AFA7B}.Release|Any CPU.Build.0 = Release|Any CPU
	EndGlobalSection
	GlobalSection(SolutionProperties) = preSolution
		HideSolutionNode = FALSE
	EndGlobalSection
	GlobalSection(ExtensibilityGlobals) = postSolution
		SolutionGuid = {21F12526-28FB-47BC-984A-9C8F8BAAD152}
	EndGlobalSection
EndGlobal
